
Microsoft Visual Studio Solution File, Format Version 12.00
# Visual Studio 15
VisualStudioVersion = 15.0.28307.489
MinimumVisualStudioVersion = 10.0.40219.1
Project("{FAE04EC0-301F-11D3-BF4B-00C04F79EFBC}") = "Inevtory2", "Inevtory2\Inevtory2.csproj", "{87B081BD-2DD0-4B0C-9BA2-149CFAC8A083}"
EndProject
Global
	GlobalSection(SolutionConfigurationPlatforms) = preSolution
		Debug|Any CPU = Debug|Any CPU
		Release|Any CPU = Release|Any CPU
	EndGlobalSection
	GlobalSection(ProjectConfigurationPlatforms) = postSolution
		{87B081BD-2DD0-4B0C-9BA2-149CFAC8A083}.Debug|Any CPU.ActiveCfg = Debug|Any CPU
		{87B081BD-2DD0-4B0C-9BA2-149CFAC8A083}.Debug|Any CPU.Build.0 = Debug|Any CPU
		{87B081BD-2DD0-4B0C-9BA2-149CFAC8A083}.Release|Any CPU.ActiveCfg = Release|Any CPU
		{87B081BD-2DD0-4B0C-9BA2-149CFAC8A083}.Release|Any CPU.Build.0 = Release|Any CPU
	EndGlobalSection
	GlobalSection(SolutionProperties) = preSolution
		HideSolutionNode = FALSE
	EndGlobalSection
	GlobalSection(ExtensibilityGlobals) = postSolution
		SolutionGuid = {E259F706-918D-4B88-B681-A42DB24A7814}
	EndGlobalSection
EndGlobal
